# THIS IS AN AUTOGENERATED FILE. DO NOT EDIT THIS FILE DIRECTLY.
# yarn lockfile v1


"@notifee/react-native@^7.8.0":
  version "7.8.0"
  resolved "https://registry.yarnpkg.com/@notifee/react-native/-/react-native-7.8.0.tgz#2990883753990f3585aa0cb5becc5cbdbcd87a43"
  integrity sha512-sx8h62U4FrR4pqlbN1rkgPsdamDt9Tad0zgfO6VtP6rNJq/78k8nxUnh0xIX3WPDcCV8KAzdYCE7+UNvhF1CpQ==

"@react-native-firebase/app@^18.1.0":
  version "18.1.0"
  resolved "https://registry.yarnpkg.com/@react-native-firebase/app/-/app-18.1.0.tgz#35b21dc8003026542b2b545ee924d367302dd9fc"
  integrity sha512-GZSlkNjSZlyB6I2t/5MmD9uDvnteyPOzvYNshaffS/hzRK6LL+3xYTnxqwPl6Kntm8z28FdaQM06OIlkPGQ3+g==
  dependencies:
    opencollective-postinstall "^2.0.1"
    superstruct "^0.6.2"

"@react-native-firebase/messaging@^18.1.0":
  version "18.1.0"
  resolved "https://registry.yarnpkg.com/@react-native-firebase/messaging/-/messaging-18.1.0.tgz#812df55cf2c42cbfbf16b9c5150ec26e8762d4f1"
  integrity sha512-eNWmXGo+HT45b81dzdQa5g5wz4d4EGv78ywwoh0ONM5wcVZ0bl5a+Ak2HPOruCkGa2adkiKstHkGEZRdWPdJkg==

"@react-native/virtualized-lists@^0.72.4":
  version "0.72.6"
  resolved "https://registry.yarnpkg.com/@react-native/virtualized-lists/-/virtualized-lists-0.72.6.tgz#375f88a1371927d803afad8d8a0ede3261464030"
  integrity sha512-JhT6ydu35LvbSKdwnhWDuGHMOwM0WAh9oza/X8vXHA8ELHRyQ/4p8eKz/bTQcbQziJaaleUURToGhFuCtgiMoA==
  dependencies:
    invariant "^2.2.4"
    nullthrows "^1.1.1"

"@types/prop-types@*":
  version "15.7.5"
  resolved "https://registry.yarnpkg.com/@types/prop-types/-/prop-types-15.7.5.tgz#5f19d2b85a98e9558036f6a3cacc8819420f05cf"
  integrity sha512-JCB8C6SnDoQf0cNycqd/35A7MjcnK+ZTqE7judS6o7utxUCg6imJg3QK2qzHKszlTjcj2cn+NwMB2i96ubpj7w==

"@types/react-native@^0.72.2":
  version "0.72.2"
  resolved "https://registry.yarnpkg.com/@types/react-native/-/react-native-0.72.2.tgz#27c931a899c555b28e20cdd12e570b017808de96"
  integrity sha512-/eEjr04Zqo7mTMszuSdrLx90+j5nWhDMMOgtnKZfAYyV3RwmlpSb7F17ilmMMxZWJY81n/JZ4e6wdhMJFpjrCg==
  dependencies:
    "@react-native/virtualized-lists" "^0.72.4"
    "@types/react" "*"

"@types/react@*":
  version "18.2.14"
  resolved "https://registry.yarnpkg.com/@types/react/-/react-18.2.14.tgz#fa7a6fecf1ce35ca94e74874f70c56ce88f7a127"
  integrity sha512-A0zjq+QN/O0Kpe30hA1GidzyFjatVvrpIvWLxD+xv67Vt91TWWgco9IvrJBkeyHm1trGaFS/FSGqPlhyeZRm0g==
  dependencies:
    "@types/prop-types" "*"
    "@types/scheduler" "*"
    csstype "^3.0.2"

"@types/scheduler@*":
  version "0.16.3"
  resolved "https://registry.yarnpkg.com/@types/scheduler/-/scheduler-0.16.3.tgz#cef09e3ec9af1d63d2a6cc5b383a737e24e6dcf5"
  integrity sha512-5cJ8CB4yAx7BH1oMvdU0Jh9lrEXyPkar6F9G/ERswkCuvP4KQZfZkSjcMbAICCpQTN4OuZn8tz0HiKv9TGZgrQ==

clone-deep@^2.0.1:
  version "2.0.2"
  resolved "https://registry.yarnpkg.com/clone-deep/-/clone-deep-2.0.2.tgz#00db3a1e173656730d1188c3d6aced6d7ea97713"
  integrity sha512-SZegPTKjCgpQH63E+eN6mVEEPdQBOUzjyJm5Pora4lrwWRFS8I0QAxV/KD6vV/i0WuijHZWQC1fMsPEdxfdVCQ==
  dependencies:
    for-own "^1.0.0"
    is-plain-object "^2.0.4"
    kind-of "^6.0.0"
    shallow-clone "^1.0.0"

csstype@^3.0.2:
  version "3.1.2"
  resolved "https://registry.yarnpkg.com/csstype/-/csstype-3.1.2.tgz#1d4bf9d572f11c14031f0436e1c10bc1f571f50b"
  integrity sha512-I7K1Uu0MBPzaFKg4nI5Q7Vs2t+3gWWW648spaF+Rg7pI9ds18Ugn+lvg4SHczUdKlHI5LWBXyqfS8+DufyBsgQ==

for-in@^0.1.3:
  version "0.1.8"
  resolved "https://registry.yarnpkg.com/for-in/-/for-in-0.1.8.tgz#d8773908e31256109952b1fdb9b3fa867d2775e1"
  integrity sha512-F0to7vbBSHP8E3l6dCjxNOLuSFAACIxFy3UehTUlG7svlXi37HHsDkyVcHo0Pq8QwrE+pXvWSVX3ZT1T9wAZ9g==

for-in@^1.0.1:
  version "1.0.2"
  resolved "https://registry.yarnpkg.com/for-in/-/for-in-1.0.2.tgz#81068d295a8142ec0ac726c6e2200c30fb6d5e80"
  integrity sha512-7EwmXrOjyL+ChxMhmG5lnW9MPt1aIeZEwKhQzoBUdTV0N3zuwWDZYVJatDvZ2OyzPUvdIAZDsCetk3coyMfcnQ==

for-own@^1.0.0:
  version "1.0.0"
  resolved "https://registry.yarnpkg.com/for-own/-/for-own-1.0.0.tgz#c63332f415cedc4b04dbfe70cf836494c53cb44b"
  integrity sha512-0OABksIGrxKK8K4kynWkQ7y1zounQxP+CWnyclVwj81KW3vlLlGUx57DKGcP/LH216GzqnstnPocF16Nxs0Ycg==
  dependencies:
    for-in "^1.0.1"

invariant@^2.2.4:
  version "2.2.4"
  resolved "https://registry.yarnpkg.com/invariant/-/invariant-2.2.4.tgz#610f3c92c9359ce1db616e538008d23ff35158e6"
  integrity sha512-phJfQVBuaJM5raOpJjSfkiD6BpbCE4Ns//LaXl6wGYtUBY83nWS6Rf9tXm2e8VaK60JEjYldbPif/A2B1C2gNA==
  dependencies:
    loose-envify "^1.0.0"

is-extendable@^0.1.1:
  version "0.1.1"
  resolved "https://registry.yarnpkg.com/is-extendable/-/is-extendable-0.1.1.tgz#62b110e289a471418e3ec36a617d472e301dfc89"
  integrity sha512-5BMULNob1vgFX6EjQw5izWDxrecWK9AM72rugNr0TFldMOi0fj6Jk+zeKIt0xGj4cEfQIJth4w3OKWOJ4f+AFw==

is-plain-object@^2.0.4:
  version "2.0.4"
  resolved "https://registry.yarnpkg.com/is-plain-object/-/is-plain-object-2.0.4.tgz#2c163b3fafb1b606d9d17928f05c2a1c38e07677"
  integrity sha512-h5PpgXkWitc38BBMYawTYMWJHFZJVnBquFE57xFpjB8pJFiF6gZ+bU+WyI/yqXiFR5mdLsgYNaPe8uao6Uv9Og==
  dependencies:
    isobject "^3.0.1"

isobject@^3.0.1:
  version "3.0.1"
  resolved "https://registry.yarnpkg.com/isobject/-/isobject-3.0.1.tgz#4e431e92b11a9731636aa1f9c8d1ccbcfdab78df"
  integrity sha512-WhB9zCku7EGTj/HQQRz5aUQEUeoQZH2bWcltRErOpymJ4boYE6wL9Tbr23krRPSZ+C5zqNSrSw+Cc7sZZ4b7vg==

"js-tokens@^3.0.0 || ^4.0.0":
  version "4.0.0"
  resolved "https://registry.yarnpkg.com/js-tokens/-/js-tokens-4.0.0.tgz#19203fb59991df98e3a287050d4647cdeaf32499"
  integrity sha512-RdJUflcE3cUzKiMqQgsCu06FPu9UdIJO0beYbPhHN4k6apgJtifcoCtT9bcxOpYBtpD2kCM6Sbzg4CausW/PKQ==

kind-of@^5.0.0:
  version "5.1.0"
  resolved "https://registry.yarnpkg.com/kind-of/-/kind-of-5.1.0.tgz#729c91e2d857b7a419a1f9aa65685c4c33f5845d"
  integrity sha512-NGEErnH6F2vUuXDh+OlbcKW7/wOcfdRHaZ7VWtqCztfHri/++YKmP51OdWeGPuqCOba6kk2OTe5d02VmTB80Pw==

kind-of@^6.0.0, kind-of@^6.0.1:
  version "6.0.3"
  resolved "https://registry.yarnpkg.com/kind-of/-/kind-of-6.0.3.tgz#07c05034a6c349fa06e24fa35aa76db4580ce4dd"
  integrity sha512-dcS1ul+9tmeD95T+x28/ehLgd9mENa3LsvDTtzm3vyBEO7RPptvAD+t44WVXaUjTBRcrpFeFlC8WCruUR456hw==

loose-envify@^1.0.0:
  version "1.4.0"
  resolved "https://registry.yarnpkg.com/loose-envify/-/loose-envify-1.4.0.tgz#71ee51fa7be4caec1a63839f7e682d8132d30caf"
  integrity sha512-lyuxPGr/Wfhrlem2CL/UcnUc1zcqKAImBDzukY7Y5F/yQiNdko6+fRLevlw1HgMySw7f611UIY408EtxRSoK3Q==
  dependencies:
    js-tokens "^3.0.0 || ^4.0.0"

mixin-object@^2.0.1:
  version "2.0.1"
  resolved "https://registry.yarnpkg.com/mixin-object/-/mixin-object-2.0.1.tgz#4fb949441dab182540f1fe035ba60e1947a5e57e"
  integrity sha512-ALGF1Jt9ouehcaXaHhn6t1yGWRqGaHkPFndtFVHfZXOvkIZ/yoGaSi0AHVTafb3ZBGg4dr/bDwnaEKqCXzchMA==
  dependencies:
    for-in "^0.1.3"
    is-extendable "^0.1.1"

nullthrows@^1.1.1:
  version "1.1.1"
  resolved "https://registry.yarnpkg.com/nullthrows/-/nullthrows-1.1.1.tgz#7818258843856ae971eae4208ad7d7eb19a431b1"
  integrity sha512-2vPPEi+Z7WqML2jZYddDIfy5Dqb0r2fze2zTxNNknZaFpVHU3mFB3R+DWeJWGVx0ecvttSGlJTI+WG+8Z4cDWw==

opencollective-postinstall@^2.0.1:
  version "2.0.3"
  resolved "https://registry.yarnpkg.com/opencollective-postinstall/-/opencollective-postinstall-2.0.3.tgz#7a0fff978f6dbfa4d006238fbac98ed4198c3259"
  integrity sha512-8AV/sCtuzUeTo8gQK5qDZzARrulB3egtLzFgteqB2tcT4Mw7B8Kt7JcDHmltjz6FOAHsvTevk70gZEbhM4ZS9Q==

shallow-clone@^1.0.0:
  version "1.0.0"
  resolved "https://registry.yarnpkg.com/shallow-clone/-/shallow-clone-1.0.0.tgz#4480cd06e882ef68b2ad88a3ea54832e2c48b571"
  integrity sha512-oeXreoKR/SyNJtRJMAKPDSvd28OqEwG4eR/xc856cRGBII7gX9lvAqDxusPm0846z/w/hWYjI1NpKwJ00NHzRA==
  dependencies:
    is-extendable "^0.1.1"
    kind-of "^5.0.0"
    mixin-object "^2.0.1"

superstruct@^0.6.2:
  version "0.6.2"
  resolved "https://registry.yarnpkg.com/superstruct/-/superstruct-0.6.2.tgz#c5eb034806a17ff98d036674169ef85e4c7f6a1c"
  integrity sha512-lvA97MFAJng3rfjcafT/zGTSWm6Tbpk++DP6It4Qg7oNaeM+2tdJMuVgGje21/bIpBEs6iQql1PJH6dKTjl4Ig==
  dependencies:
    clone-deep "^2.0.1"
    kind-of "^6.0.1"

typescript@^5.1.0:
  version "5.1.6"
  resolved "https://registry.yarnpkg.com/typescript/-/typescript-5.1.6.tgz#02f8ac202b6dad2c0dd5e0913745b47a37998274"
  integrity sha512-zaWCozRZ6DLEWAWFrVDz1H6FVXzUSfTy5FUMWsQlU8Ym5JP9eO4xkTIROFCQvhQf61z6O/G6ugw3SgAnvvm+HA==
